
Microsoft Visual Studio Solution File, Format Version 12.00
# Visual Studio Version 16
VisualStudioVersion = 16.0.30114.105
MinimumVisualStudioVersion = 10.0.40219.1
Project("{FAE04EC0-301F-11D3-BF4B-00C04F79EFBC}") = "API", "API\API.csproj", "{52E1ABEF-BE03-4444-98EE-090F39ADE9B8}"
EndProject
Project("{FAE04EC0-301F-11D3-BF4B-00C04F79EFBC}") = "Core", "Core\Core.csproj", "{656BD6A9-686D-41EB-8534-1DC102AB0A5A}"
EndProject
Project("{FAE04EC0-301F-11D3-BF4B-00C04F79EFBC}") = "Data", "Data\Data.csproj", "{040C178C-84FD-454E-A8E2-FB4E55AB61CB}"
EndProject
Project("{FAE04EC0-301F-11D3-BF4B-00C04F79EFBC}") = "Service", "Service\Service.csproj", "{17B7FB04-674C-4303-98AD-10D5BB5F409E}"
EndProject
Global
	GlobalSection(SolutionConfigurationPlatforms) = preSolution
		Debug|Any CPU = Debug|Any CPU
		Release|Any CPU = Release|Any CPU
	EndGlobalSection
	GlobalSection(SolutionProperties) = preSolution
		HideSolutionNode = FALSE
	EndGlobalSection
	GlobalSection(ProjectConfigurationPlatforms) = postSolution
		{52E1ABEF-BE03-4444-98EE-090F39ADE9B8}.Debug|Any CPU.ActiveCfg = Debug|Any CPU
		{52E1ABEF-BE03-4444-98EE-090F39ADE9B8}.Debug|Any CPU.Build.0 = Debug|Any CPU
		{52E1ABEF-BE03-4444-98EE-090F39ADE9B8}.Release|Any CPU.ActiveCfg = Release|Any CPU
		{52E1ABEF-BE03-4444-98EE-090F39ADE9B8}.Release|Any CPU.Build.0 = Release|Any CPU
		{656BD6A9-686D-41EB-8534-1DC102AB0A5A}.Debug|Any CPU.ActiveCfg = Debug|Any CPU
		{656BD6A9-686D-41EB-8534-1DC102AB0A5A}.Debug|Any CPU.Build.0 = Debug|Any CPU
		{656BD6A9-686D-41EB-8534-1DC102AB0A5A}.Release|Any CPU.ActiveCfg = Release|Any CPU
		{656BD6A9-686D-41EB-8534-1DC102AB0A5A}.Release|Any CPU.Build.0 = Release|Any CPU
		{040C178C-84FD-454E-A8E2-FB4E55AB61CB}.Debug|Any CPU.ActiveCfg = Debug|Any CPU
		{040C178C-84FD-454E-A8E2-FB4E55AB61CB}.Debug|Any CPU.Build.0 = Debug|Any CPU
		{040C178C-84FD-454E-A8E2-FB4E55AB61CB}.Release|Any CPU.ActiveCfg = Release|Any CPU
		{040C178C-84FD-454E-A8E2-FB4E55AB61CB}.Release|Any CPU.Build.0 = Release|Any CPU
		{17B7FB04-674C-4303-98AD-10D5BB5F409E}.Debug|Any CPU.ActiveCfg = Debug|Any CPU
		{17B7FB04-674C-4303-98AD-10D5BB5F409E}.Debug|Any CPU.Build.0 = Debug|Any CPU
		{17B7FB04-674C-4303-98AD-10D5BB5F409E}.Release|Any CPU.ActiveCfg = Release|Any CPU
		{17B7FB04-674C-4303-98AD-10D5BB5F409E}.Release|Any CPU.Build.0 = Release|Any CPU
	EndGlobalSection
EndGlobal
